
Microsoft Visual Studio Solution File, Format Version 12.00
# Visual Studio 15
Project("{FAE04EC0-301F-11D3-BF4B-00C04F79EFBC}") = "Assembly-CSharp", "Assembly-CSharp.csproj", "{AE2982BC-C16A-681E-F56D-917E6EEE0894}"
EndProject
Project("{FAE04EC0-301F-11D3-BF4B-00C04F79EFBC}") = "Assembly-CSharp-Editor", "Assembly-CSharp-Editor.csproj", "{96842AD0-1357-5FC3-BAD2-831670AEA2EE}"
EndProject
Global
	GlobalSection(SolutionConfigurationPlatforms) = preSolution
		Debug|Any CPU = Debug|Any CPU
		Release|Any CPU = Release|Any CPU
	EndGlobalSection
	GlobalSection(ProjectConfigurationPlatforms) = postSolution
		{AE2982BC-C16A-681E-F56D-917E6EEE0894}.Debug|Any CPU.ActiveCfg = Debug|Any CPU
		{AE2982BC-C16A-681E-F56D-917E6EEE0894}.Debug|Any CPU.Build.0 = Debug|Any CPU
		{AE2982BC-C16A-681E-F56D-917E6EEE0894}.Release|Any CPU.ActiveCfg = Release|Any CPU
		{AE2982BC-C16A-681E-F56D-917E6EEE0894}.Release|Any CPU.Build.0 = Release|Any CPU
		{96842AD0-1357-5FC3-BAD2-831670AEA2EE}.Debug|Any CPU.ActiveCfg = Debug|Any CPU
		{96842AD0-1357-5FC3-BAD2-831670AEA2EE}.Debug|Any CPU.Build.0 = Debug|Any CPU
		{96842AD0-1357-5FC3-BAD2-831670AEA2EE}.Release|Any CPU.ActiveCfg = Release|Any CPU
		{96842AD0-1357-5FC3-BAD2-831670AEA2EE}.Release|Any CPU.Build.0 = Release|Any CPU
	EndGlobalSection
	GlobalSection(SolutionProperties) = preSolution
		HideSolutionNode = FALSE
	EndGlobalSection
EndGlobal
